
Microsoft Visual Studio Solution File, Format Version 12.00
# Visual Studio 15
VisualStudioVersion = 15.0.34031.82
MinimumVisualStudioVersion = 10.0.40219.1
Project("{FAE04EC0-301F-11D3-BF4B-00C04F79EFBC}") = "DZ_Tumakov", "DZ_Tumakov\DZ_Tumakov.csproj", "{0A70D875-AEB3-4EAC-8567-7F8E613E1318}"
EndProject
Global
	GlobalSection(SolutionConfigurationPlatforms) = preSolution
		Debug|Any CPU = Debug|Any CPU
		Release|Any CPU = Release|Any CPU
	EndGlobalSection
	GlobalSection(ProjectConfigurationPlatforms) = postSolution
		{0A70D875-AEB3-4EAC-8567-7F8E613E1318}.Debug|Any CPU.ActiveCfg = Debug|Any CPU
		{0A70D875-AEB3-4EAC-8567-7F8E613E1318}.Debug|Any CPU.Build.0 = Debug|Any CPU
		{0A70D875-AEB3-4EAC-8567-7F8E613E1318}.Release|Any CPU.ActiveCfg = Release|Any CPU
		{0A70D875-AEB3-4EAC-8567-7F8E613E1318}.Release|Any CPU.Build.0 = Release|Any CPU
	EndGlobalSection
	GlobalSection(SolutionProperties) = preSolution
		HideSolutionNode = FALSE
	EndGlobalSection
	GlobalSection(ExtensibilityGlobals) = postSolution
		SolutionGuid = {8DFCEF6E-E21A-40B3-9D39-419C0C0EBBE9}
	EndGlobalSection
EndGlobal
